// !$*UTF8*$!
{
	archiveVersion = 1;
	classes = {
	};
	objectVersion = 51;
	objects = {

/* Begin PBXBuildFile section */
		1CC266567E828B8DCDFE8228 /* Pods_coffee_storyboard.framework in Frameworks */ = {isa = PBXBuildFile; fileRef = 89ACE478E9E095328904E736 /* Pods_coffee_storyboard.framework */; };
		53133BBA239D46BA00C3025A /* CouponCollectionViewCell.swift in Sources */ = {isa = PBXBuildFile; fileRef = 53133BB9239D46BA00C3025A /* CouponCollectionViewCell.swift */; };
		53133BBC239D4F3A00C3025A /* NewsCollectionViewCell.swift in Sources */ = {isa = PBXBuildFile; fileRef = 53133BBB239D4F3A00C3025A /* NewsCollectionViewCell.swift */; };
		53190027237578E900C7C69F /* User.swift in Sources */ = {isa = PBXBuildFile; fileRef = 53190026237578E900C7C69F /* User.swift */; };
		531EAEDC237E88BE009025E4 /* Roboto-Regular.ttf in Resources */ = {isa = PBXBuildFile; fileRef = 531EAEDB237E88BE009025E4 /* Roboto-Regular.ttf */; };
		533319B7238FF261009A2EED /* OrderViewController.swift in Sources */ = {isa = PBXBuildFile; fileRef = 533319B6238FF261009A2EED /* OrderViewController.swift */; };
		533319BA238FF2BF009A2EED /* UserViewController.swift in Sources */ = {isa = PBXBuildFile; fileRef = 533319B9238FF2BF009A2EED /* UserViewController.swift */; };
		533319BC238FF309009A2EED /* TabItem.swift in Sources */ = {isa = PBXBuildFile; fileRef = 533319BB238FF309009A2EED /* TabItem.swift */; };
		533319BE238FF60D009A2EED /* TabBarViewController.swift in Sources */ = {isa = PBXBuildFile; fileRef = 533319BD238FF60D009A2EED /* TabBarViewController.swift */; };
		533319C0238FF79F009A2EED /* TabBarMenu.swift in Sources */ = {isa = PBXBuildFile; fileRef = 533319BF238FF79F009A2EED /* TabBarMenu.swift */; };
		533319C3238FF9EE009A2EED /* PienViewController.swift in Sources */ = {isa = PBXBuildFile; fileRef = 533319C2238FF9EE009A2EED /* PienViewController.swift */; };
		537AAECE2385235700183CF7 /* HomeViewController.swift in Sources */ = {isa = PBXBuildFile; fileRef = 537AAECD2385235700183CF7 /* HomeViewController.swift */; };
		538C117523740B9D0033F209 /* AppDelegate.swift in Sources */ = {isa = PBXBuildFile; fileRef = 538C117423740B9D0033F209 /* AppDelegate.swift */; };
		538C117723740B9D0033F209 /* SceneDelegate.swift in Sources */ = {isa = PBXBuildFile; fileRef = 538C117623740B9D0033F209 /* SceneDelegate.swift */; };
		538C117923740B9D0033F209 /* LoginViewController.swift in Sources */ = {isa = PBXBuildFile; fileRef = 538C117823740B9D0033F209 /* LoginViewController.swift */; };
		538C117C23740B9D0033F209 /* Main.storyboard in Resources */ = {isa = PBXBuildFile; fileRef = 538C117A23740B9D0033F209 /* Main.storyboard */; };
		538C117F23740B9D0033F209 /* coffee_storyboard.xcdatamodeld in Sources */ = {isa = PBXBuildFile; fileRef = 538C117D23740B9D0033F209 /* coffee_storyboard.xcdatamodeld */; };
		538C118123740B9F0033F209 /* Assets.xcassets in Resources */ = {isa = PBXBuildFile; fileRef = 538C118023740B9F0033F209 /* Assets.xcassets */; };
		538C118423740B9F0033F209 /* LaunchScreen.storyboard in Resources */ = {isa = PBXBuildFile; fileRef = 538C118223740B9F0033F209 /* LaunchScreen.storyboard */; };
		5390BD62237AB7CC0013C5DA /* IntroViewController.swift in Sources */ = {isa = PBXBuildFile; fileRef = 5390BD61237AB7CC0013C5DA /* IntroViewController.swift */; };
		53AA07D923A127B100403210 /* ProfileImageView.swift in Sources */ = {isa = PBXBuildFile; fileRef = 53AA07D823A127B100403210 /* ProfileImageView.swift */; };
		53AA07DB23A14D4D00403210 /* Utilities.swift in Sources */ = {isa = PBXBuildFile; fileRef = 53AA07DA23A14D4D00403210 /* Utilities.swift */; };
/* End PBXBuildFile section */

/* Begin PBXCopyFilesBuildPhase section */
		538C118E237416210033F209 /* Embed Frameworks */ = {
			isa = PBXCopyFilesBuildPhase;
			buildActionMask = 2147483647;
			dstPath = "";
			dstSubfolderSpec = 10;
			files = (
			);
			name = "Embed Frameworks";
			runOnlyForDeploymentPostprocessing = 0;
		};
/* End PBXCopyFilesBuildPhase section */

/* Begin PBXFileReference section */
		5305895B2374292800BC54D8 /* Target Support Files/Pods-coffee-storyboard/Pods-coffee-storyboard.debug.xcconfig */ = {isa = PBXFileReference; fileEncoding = 4; lastKnownFileType = text.xcconfig; path = "Target Support Files/Pods-coffee-storyboard/Pods-coffee-storyboard.debug.xcconfig"; sourceTree = "<group>"; };
		5305895D2374293100BC54D8 /* Target Support Files/Pods-coffee-storyboard/Pods-coffee-storyboard.release.xcconfig */ = {isa = PBXFileReference; fileEncoding = 4; lastKnownFileType = text.xcconfig; path = "Target Support Files/Pods-coffee-storyboard/Pods-coffee-storyboard.release.xcconfig"; sourceTree = "<group>"; };
		53133BB9239D46BA00C3025A /* CouponCollectionViewCell.swift */ = {isa = PBXFileReference; lastKnownFileType = sourcecode.swift; path = CouponCollectionViewCell.swift; sourceTree = "<group>"; };
		53133BBB239D4F3A00C3025A /* NewsCollectionViewCell.swift */ = {isa = PBXFileReference; lastKnownFileType = sourcecode.swift; path = NewsCollectionViewCell.swift; sourceTree = "<group>"; };
		53190026237578E900C7C69F /* User.swift */ = {isa = PBXFileReference; lastKnownFileType = sourcecode.swift; path = User.swift; sourceTree = "<group>"; };
		531EAEDB237E88BE009025E4 /* Roboto-Regular.ttf */ = {isa = PBXFileReference; lastKnownFileType = file; path = "Roboto-Regular.ttf"; sourceTree = "<group>"; };
		533319B6238FF261009A2EED /* OrderViewController.swift */ = {isa = PBXFileReference; lastKnownFileType = sourcecode.swift; path = OrderViewController.swift; sourceTree = "<group>"; };
		533319B9238FF2BF009A2EED /* UserViewController.swift */ = {isa = PBXFileReference; lastKnownFileType = sourcecode.swift; path = UserViewController.swift; sourceTree = "<group>"; };
		533319BB238FF309009A2EED /* TabItem.swift */ = {isa = PBXFileReference; lastKnownFileType = sourcecode.swift; path = TabItem.swift; sourceTree = "<group>"; };
		533319BD238FF60D009A2EED /* TabBarViewController.swift */ = {isa = PBXFileReference; lastKnownFileType = sourcecode.swift; path = TabBarViewController.swift; sourceTree = "<group>"; };
		533319BF238FF79F009A2EED /* TabBarMenu.swift */ = {isa = PBXFileReference; lastKnownFileType = sourcecode.swift; path = TabBarMenu.swift; sourceTree = "<group>"; };
		533319C2238FF9EE009A2EED /* PienViewController.swift */ = {isa = PBXFileReference; lastKnownFileType = sourcecode.swift; path = PienViewController.swift; sourceTree = "<group>"; };
		537AAECD2385235700183CF7 /* HomeViewController.swift */ = {isa = PBXFileReference; lastKnownFileType = sourcecode.swift; path = HomeViewController.swift; sourceTree = "<group>"; };
		538C117123740B9D0033F209 /* coffee-storyboard.app */ = {isa = PBXFileReference; explicitFileType = wrapper.application; includeInIndex = 0; path = "coffee-storyboard.app"; sourceTree = BUILT_PRODUCTS_DIR; };
		538C117423740B9D0033F209 /* AppDelegate.swift */ = {isa = PBXFileReference; lastKnownFileType = sourcecode.swift; path = AppDelegate.swift; sourceTree = "<group>"; };
		538C117623740B9D0033F209 /* SceneDelegate.swift */ = {isa = PBXFileReference; lastKnownFileType = sourcecode.swift; path = SceneDelegate.swift; sourceTree = "<group>"; };
		538C117823740B9D0033F209 /* LoginViewController.swift */ = {isa = PBXFileReference; lastKnownFileType = sourcecode.swift; path = LoginViewController.swift; sourceTree = "<group>"; };
		538C117B23740B9D0033F209 /* Base */ = {isa = PBXFileReference; lastKnownFileType = file.storyboard; name = Base; path = Base.lproj/Main.storyboard; sourceTree = "<group>"; };
		538C117E23740B9D0033F209 /* coffee_storyboard.xcdatamodel */ = {isa = PBXFileReference; lastKnownFileType = wrapper.xcdatamodel; path = coffee_storyboard.xcdatamodel; sourceTree = "<group>"; };
		538C118023740B9F0033F209 /* Assets.xcassets */ = {isa = PBXFileReference; lastKnownFileType = folder.assetcatalog; path = Assets.xcassets; sourceTree = "<group>"; };
		538C118323740B9F0033F209 /* Base */ = {isa = PBXFileReference; lastKnownFileType = file.storyboard; name = Base; path = Base.lproj/LaunchScreen.storyboard; sourceTree = "<group>"; };
		538C118523740B9F0033F209 /* Info.plist */ = {isa = PBXFileReference; lastKnownFileType = text.plist.xml; path = Info.plist; sourceTree = "<group>"; };
		5390BD61237AB7CC0013C5DA /* IntroViewController.swift */ = {isa = PBXFileReference; lastKnownFileType = sourcecode.swift; path = IntroViewController.swift; sourceTree = "<group>"; };
		53AA07D823A127B100403210 /* ProfileImageView.swift */ = {isa = PBXFileReference; lastKnownFileType = sourcecode.swift; path = ProfileImageView.swift; sourceTree = "<group>"; };
		53AA07DA23A14D4D00403210 /* Utilities.swift */ = {isa = PBXFileReference; lastKnownFileType = sourcecode.swift; path = Utilities.swift; sourceTree = "<group>"; };
		89ACE478E9E095328904E736 /* Pods_coffee_storyboard.framework */ = {isa = PBXFileReference; explicitFileType = wrapper.framework; includeInIndex = 0; path = Pods_coffee_storyboard.framework; sourceTree = BUILT_PRODUCTS_DIR; };
/* End PBXFileReference section */

/* Begin PBXFrameworksBuildPhase section */
		538C116E23740B9D0033F209 /* Frameworks */ = {
			isa = PBXFrameworksBuildPhase;
			buildActionMask = 2147483647;
			files = (
				1CC266567E828B8DCDFE8228 /* Pods_coffee_storyboard.framework in Frameworks */,
			);
			runOnlyForDeploymentPostprocessing = 0;
		};
/* End PBXFrameworksBuildPhase section */

/* Begin PBXGroup section */
		0DD83341DA44D8C982E49E31 /* Pods */ = {
			isa = PBXGroup;
			children = (
				5305895D2374293100BC54D8 /* Target Support Files/Pods-coffee-storyboard/Pods-coffee-storyboard.release.xcconfig */,
				5305895B2374292800BC54D8 /* Target Support Files/Pods-coffee-storyboard/Pods-coffee-storyboard.debug.xcconfig */,
			);
			path = Pods;
			sourceTree = "<group>";
		};
		3F7CE08920BB1D368DB69FAD /* Frameworks */ = {
			isa = PBXGroup;
			children = (
				89ACE478E9E095328904E736 /* Pods_coffee_storyboard.framework */,
			);
			name = Frameworks;
			sourceTree = "<group>";
		};
		53133BBD239D745F00C3025A /* Home */ = {
			isa = PBXGroup;
			children = (
				53133BBB239D4F3A00C3025A /* NewsCollectionViewCell.swift */,
				53133BB9239D46BA00C3025A /* CouponCollectionViewCell.swift */,
				537AAECD2385235700183CF7 /* HomeViewController.swift */,
			);
			path = Home;
			sourceTree = "<group>";
		};
		53133BBE239D748200C3025A /* CustomTabBar */ = {
			isa = PBXGroup;
			children = (
				533319BD238FF60D009A2EED /* TabBarViewController.swift */,
				533319BF238FF79F009A2EED /* TabBarMenu.swift */,
				533319BB238FF309009A2EED /* TabItem.swift */,
			);
			path = CustomTabBar;
			sourceTree = "<group>";
		};
		53190023237578A300C7C69F /* Persistent */ = {
			isa = PBXGroup;
			children = (
				53190026237578E900C7C69F /* User.swift */,
			);
			path = Persistent;
			sourceTree = "<group>";
		};
		531900282375794700C7C69F /* Model */ = {
			isa = PBXGroup;
			children = (
			);
			path = Model;
			sourceTree = "<group>";
		};
		531EAEDA237E8889009025E4 /* Fonts */ = {
			isa = PBXGroup;
			children = (
				531EAEDB237E88BE009025E4 /* Roboto-Regular.ttf */,
			);
			path = Fonts;
			sourceTree = "<group>";
		};
		533319B5238FF1D7009A2EED /* Order */ = {
			isa = PBXGroup;
			children = (
				533319B6238FF261009A2EED /* OrderViewController.swift */,
			);
			path = Order;
			sourceTree = "<group>";
		};
		533319B8238FF29A009A2EED /* User */ = {
			isa = PBXGroup;
			children = (
				533319B9238FF2BF009A2EED /* UserViewController.swift */,
				53AA07D823A127B100403210 /* ProfileImageView.swift */,
			);
			path = User;
			sourceTree = "<group>";
		};
		533319C1238FF9D7009A2EED /* Pien */ = {
			isa = PBXGroup;
			children = (
				533319C2238FF9EE009A2EED /* PienViewController.swift */,
			);
			path = Pien;
			sourceTree = "<group>";
		};
		537AAECB23851CEA00183CF7 /* Login */ = {
			isa = PBXGroup;
			children = (
				538C117823740B9D0033F209 /* LoginViewController.swift */,
			);
			path = Login;
			sourceTree = "<group>";
		};
		537AAECC23851CF800183CF7 /* Intro */ = {
			isa = PBXGroup;
			children = (
				5390BD61237AB7CC0013C5DA /* IntroViewController.swift */,
			);
			path = Intro;
			sourceTree = "<group>";
		};
		538C116823740B9C0033F209 = {
			isa = PBXGroup;
			children = (
				531EAEDA237E8889009025E4 /* Fonts */,
				538C117323740B9D0033F209 /* coffee-storyboard */,
				538C117223740B9D0033F209 /* Products */,
				0DD83341DA44D8C982E49E31 /* Pods */,
				3F7CE08920BB1D368DB69FAD /* Frameworks */,
			);
			sourceTree = "<group>";
		};
		538C117223740B9D0033F209 /* Products */ = {
			isa = PBXGroup;
			children = (
				538C117123740B9D0033F209 /* coffee-storyboard.app */,
			);
			name = Products;
			sourceTree = "<group>";
		};
		538C117323740B9D0033F209 /* coffee-storyboard */ = {
			isa = PBXGroup;
			children = (
				533319C1238FF9D7009A2EED /* Pien */,
				538C117D23740B9D0033F209 /* coffee_storyboard.xcdatamodeld */,
				531900282375794700C7C69F /* Model */,
				53190023237578A300C7C69F /* Persistent */,
				537AAECB23851CEA00183CF7 /* Login */,
				537AAECC23851CF800183CF7 /* Intro */,
				533319B5238FF1D7009A2EED /* Order */,
				533319B8238FF29A009A2EED /* User */,
				53133BBD239D745F00C3025A /* Home */,
				53133BBE239D748200C3025A /* CustomTabBar */,
				538C117A23740B9D0033F209 /* Main.storyboard */,
				538C118023740B9F0033F209 /* Assets.xcassets */,
				538C117423740B9D0033F209 /* AppDelegate.swift */,
				538C118523740B9F0033F209 /* Info.plist */,
				538C118B23740D610033F209 /* Supporting Files */,
				53AA07DA23A14D4D00403210 /* Utilities.swift */,
			);
			path = "coffee-storyboard";
			sourceTree = "<group>";
		};
		538C118B23740D610033F209 /* Supporting Files */ = {
			isa = PBXGroup;
			children = (
				538C117623740B9D0033F209 /* SceneDelegate.swift */,
				538C118223740B9F0033F209 /* LaunchScreen.storyboard */,
			);
			path = "Supporting Files";
			sourceTree = "<group>";
		};
/* End PBXGroup section */

/* Begin PBXNativeTarget section */
		538C117023740B9D0033F209 /* coffee-storyboard */ = {
			isa = PBXNativeTarget;
			buildConfigurationList = 538C118823740B9F0033F209 /* Build configuration list for PBXNativeTarget "coffee-storyboard" */;
			buildPhases = (
				5B8AAF77EEC9DC74BC2299C0 /* [CP] Check Pods Manifest.lock */,
				538C116D23740B9D0033F209 /* Sources */,
				538C116E23740B9D0033F209 /* Frameworks */,
				538C116F23740B9D0033F209 /* Resources */,
				538C118E237416210033F209 /* Embed Frameworks */,
				8EBC26FF8A36855C5E3E6C93 /* [CP] Embed Pods Frameworks */,
				22562C0CDA1550D07F476847 /* [CP] Copy Pods Resources */,
			);
			buildRules = (
			);
			dependencies = (
			);
			name = "coffee-storyboard";
			productName = "coffee-storyboard";
			productReference = 538C117123740B9D0033F209 /* coffee-storyboard.app */;
			productType = "com.apple.product-type.application";
		};
/* End PBXNativeTarget section */

/* Begin PBXProject section */
		538C116923740B9C0033F209 /* Project object */ = {
			isa = PBXProject;
			attributes = {
				LastSwiftUpdateCheck = 1120;
				LastUpgradeCheck = 1120;
				ORGANIZATIONNAME = "Do Thai Bao";
				TargetAttributes = {
					538C117023740B9D0033F209 = {
						CreatedOnToolsVersion = 11.2;
					};
				};
			};
			buildConfigurationList = 538C116C23740B9C0033F209 /* Build configuration list for PBXProject "coffee-storyboard" */;
			compatibilityVersion = "Xcode 9.3";
			developmentRegion = en;
			hasScannedForEncodings = 0;
			knownRegions = (
				en,
				Base,
			);
			mainGroup = 538C116823740B9C0033F209;
			productRefGroup = 538C117223740B9D0033F209 /* Products */;
			projectDirPath = "";
			projectRoot = "";
			targets = (
				538C117023740B9D0033F209 /* coffee-storyboard */,
			);
		};
/* End PBXProject section */

/* Begin PBXResourcesBuildPhase section */
		538C116F23740B9D0033F209 /* Resources */ = {
			isa = PBXResourcesBuildPhase;
			buildActionMask = 2147483647;
			files = (
				538C118423740B9F0033F209 /* LaunchScreen.storyboard in Resources */,
				538C118123740B9F0033F209 /* Assets.xcassets in Resources */,
				531EAEDC237E88BE009025E4 /* Roboto-Regular.ttf in Resources */,
				538C117C23740B9D0033F209 /* Main.storyboard in Resources */,
			);
			runOnlyForDeploymentPostprocessing = 0;
		};
/* End PBXResourcesBuildPhase section */

/* Begin PBXShellScriptBuildPhase section */
		22562C0CDA1550D07F476847 /* [CP] Copy Pods Resources */ = {
			isa = PBXShellScriptBuildPhase;
			buildActionMask = 2147483647;
			files = (
			);
			inputFileListPaths = (
				"${PODS_ROOT}/Target Support Files/Pods-coffee-storyboard/Pods-coffee-storyboard-resources-${CONFIGURATION}-input-files.xcfilelist",
			);
			name = "[CP] Copy Pods Resources";
			outputFileListPaths = (
				"${PODS_ROOT}/Target Support Files/Pods-coffee-storyboard/Pods-coffee-storyboard-resources-${CONFIGURATION}-output-files.xcfilelist",
			);
			runOnlyForDeploymentPostprocessing = 0;
			shellPath = /bin/sh;
			shellScript = "\"${PODS_ROOT}/Target Support Files/Pods-coffee-storyboard/Pods-coffee-storyboard-resources.sh\"\n";
			showEnvVarsInLog = 0;
		};
		5B8AAF77EEC9DC74BC2299C0 /* [CP] Check Pods Manifest.lock */ = {
			isa = PBXShellScriptBuildPhase;
			buildActionMask = 2147483647;
			files = (
			);
			inputFileListPaths = (
			);
			inputPaths = (
				"${PODS_PODFILE_DIR_PATH}/Podfile.lock",
				"${PODS_ROOT}/Manifest.lock",
			);
			name = "[CP] Check Pods Manifest.lock";
			outputFileListPaths = (
			);
			outputPaths = (
				"$(DERIVED_FILE_DIR)/Pods-coffee-storyboard-checkManifestLockResult.txt",
			);
			runOnlyForDeploymentPostprocessing = 0;
			shellPath = /bin/sh;
			shellScript = "diff \"${PODS_PODFILE_DIR_PATH}/Podfile.lock\" \"${PODS_ROOT}/Manifest.lock\" > /dev/null\nif [ $? != 0 ] ; then\n    # print error to STDERR\n    echo \"error: The sandbox is not in sync with the Podfile.lock. Run 'pod install' or update your CocoaPods installation.\" >&2\n    exit 1\nfi\n# This output is used by Xcode 'outputs' to avoid re-running this script phase.\necho \"SUCCESS\" > \"${SCRIPT_OUTPUT_FILE_0}\"\n";
			showEnvVarsInLog = 0;
		};
		8EBC26FF8A36855C5E3E6C93 /* [CP] Embed Pods Frameworks */ = {
			isa = PBXShellScriptBuildPhase;
			buildActionMask = 2147483647;
			files = (
			);
			inputFileListPaths = (
				"${PODS_ROOT}/Target Support Files/Pods-coffee-storyboard/Pods-coffee-storyboard-frameworks-${CONFIGURATION}-input-files.xcfilelist",
			);
			name = "[CP] Embed Pods Frameworks";
			outputFileListPaths = (
				"${PODS_ROOT}/Target Support Files/Pods-coffee-storyboard/Pods-coffee-storyboard-frameworks-${CONFIGURATION}-output-files.xcfilelist",
			);
			runOnlyForDeploymentPostprocessing = 0;
			shellPath = /bin/sh;
			shellScript = "\"${PODS_ROOT}/Target Support Files/Pods-coffee-storyboard/Pods-coffee-storyboard-frameworks.sh\"\n";
			showEnvVarsInLog = 0;
		};
/* End PBXShellScriptBuildPhase section */

/* Begin PBXSourcesBuildPhase section */
		538C116D23740B9D0033F209 /* Sources */ = {
			isa = PBXSourcesBuildPhase;
			buildActionMask = 2147483647;
			files = (
				53AA07D923A127B100403210 /* ProfileImageView.swift in Sources */,
				538C117923740B9D0033F209 /* LoginViewController.swift in Sources */,
				533319BA238FF2BF009A2EED /* UserViewController.swift in Sources */,
				533319BE238FF60D009A2EED /* TabBarViewController.swift in Sources */,
				538C117523740B9D0033F209 /* AppDelegate.swift in Sources */,
				53133BBC239D4F3A00C3025A /* NewsCollectionViewCell.swift in Sources */,
				533319C0238FF79F009A2EED /* TabBarMenu.swift in Sources */,
				538C117F23740B9D0033F209 /* coffee_storyboard.xcdatamodeld in Sources */,
				5390BD62237AB7CC0013C5DA /* IntroViewController.swift in Sources */,
				53190027237578E900C7C69F /* User.swift in Sources */,
				53AA07DB23A14D4D00403210 /* Utilities.swift in Sources */,
				537AAECE2385235700183CF7 /* HomeViewController.swift in Sources */,
				533319C3238FF9EE009A2EED /* PienViewController.swift in Sources */,
				538C117723740B9D0033F209 /* SceneDelegate.swift in Sources */,
				533319BC238FF309009A2EED /* TabItem.swift in Sources */,
				53133BBA239D46BA00C3025A /* CouponCollectionViewCell.swift in Sources */,
				533319B7238FF261009A2EED /* OrderViewController.swift in Sources */,
			);
			runOnlyForDeploymentPostprocessing = 0;
		};
/* End PBXSourcesBuildPhase section */

/* Begin PBXVariantGroup section */
		538C117A23740B9D0033F209 /* Main.storyboard */ = {
			isa = PBXVariantGroup;
			children = (
				538C117B23740B9D0033F209 /* Base */,
			);
			name = Main.storyboard;
			sourceTree = "<group>";
		};
		538C118223740B9F0033F209 /* LaunchScreen.storyboard */ = {
			isa = PBXVariantGroup;
			children = (
				538C118323740B9F0033F209 /* Base */,
			);
			name = LaunchScreen.storyboard;
			sourceTree = "<group>";
		};
/* End PBXVariantGroup section */

/* Begin XCBuildConfiguration section */
		538C118623740B9F0033F209 /* Debug */ = {
			isa = XCBuildConfiguration;
			buildSettings = {
				ALWAYS_SEARCH_USER_PATHS = NO;
				CLANG_ANALYZER_NONNULL = YES;
				CLANG_ANALYZER_NUMBER_OBJECT_CONVERSION = YES_AGGRESSIVE;
				CLANG_CXX_LANGUAGE_STANDARD = "gnu++14";
				CLANG_CXX_LIBRARY = "libc++";
				CLANG_ENABLE_MODULES = YES;
				CLANG_ENABLE_OBJC_ARC = YES;
				CLANG_ENABLE_OBJC_WEAK = YES;
				CLANG_WARN_BLOCK_CAPTURE_AUTORELEASING = YES;
				CLANG_WARN_BOOL_CONVERSION = YES;
				CLANG_WARN_COMMA = YES;
				CLANG_WARN_CONSTANT_CONVERSION = YES;
				CLANG_WARN_DEPRECATED_OBJC_IMPLEMENTATIONS = YES;
				CLANG_WARN_DIRECT_OBJC_ISA_USAGE = YES_ERROR;
				CLANG_WARN_DOCUMENTATION_COMMENTS = YES;
				CLANG_WARN_EMPTY_BODY = YES;
				CLANG_WARN_ENUM_CONVERSION = YES;
				CLANG_WARN_INFINITE_RECURSION = YES;
				CLANG_WARN_INT_CONVERSION = YES;
				CLANG_WARN_NON_LITERAL_NULL_CONVERSION = YES;
				CLANG_WARN_OBJC_IMPLICIT_RETAIN_SELF = YES;
				CLANG_WARN_OBJC_LITERAL_CONVERSION = YES;
				CLANG_WARN_OBJC_ROOT_CLASS = YES_ERROR;
				CLANG_WARN_RANGE_LOOP_ANALYSIS = YES;
				CLANG_WARN_STRICT_PROTOTYPES = YES;
				CLANG_WARN_SUSPICIOUS_MOVE = YES;
				CLANG_WARN_UNGUARDED_AVAILABILITY = YES_AGGRESSIVE;
				CLANG_WARN_UNREACHABLE_CODE = YES;
				CLANG_WARN__DUPLICATE_METHOD_MATCH = YES;
				COPY_PHASE_STRIP = NO;
				DEBUG_INFORMATION_FORMAT = dwarf;
				ENABLE_STRICT_OBJC_MSGSEND = YES;
				ENABLE_TESTABILITY = YES;
				GCC_C_LANGUAGE_STANDARD = gnu11;
				GCC_DYNAMIC_NO_PIC = NO;
				GCC_NO_COMMON_BLOCKS = YES;
				GCC_OPTIMIZATION_LEVEL = 0;
				GCC_PREPROCESSOR_DEFINITIONS = (
					"DEBUG=1",
					"$(inherited)",
				);
				GCC_WARN_64_TO_32_BIT_CONVERSION = YES;
				GCC_WARN_ABOUT_RETURN_TYPE = YES_ERROR;
				GCC_WARN_UNDECLARED_SELECTOR = YES;
				GCC_WARN_UNINITIALIZED_AUTOS = YES_AGGRESSIVE;
				GCC_WARN_UNUSED_FUNCTION = YES;
				GCC_WARN_UNUSED_VARIABLE = YES;
				IPHONEOS_DEPLOYMENT_TARGET = 10.0;
				MTL_ENABLE_DEBUG_INFO = INCLUDE_SOURCE;
				MTL_FAST_MATH = YES;
				ONLY_ACTIVE_ARCH = YES;
				SDKROOT = iphoneos;
				SWIFT_ACTIVE_COMPILATION_CONDITIONS = DEBUG;
				SWIFT_OPTIMIZATION_LEVEL = "-Onone";
			};
			name = Debug;
		};
		538C118723740B9F0033F209 /* Release */ = {
			isa = XCBuildConfiguration;
			buildSettings = {
				ALWAYS_SEARCH_USER_PATHS = NO;
				CLANG_ANALYZER_NONNULL = YES;
				CLANG_ANALYZER_NUMBER_OBJECT_CONVERSION = YES_AGGRESSIVE;
				CLANG_CXX_LANGUAGE_STANDARD = "gnu++14";
				CLANG_CXX_LIBRARY = "libc++";
				CLANG_ENABLE_MODULES = YES;
				CLANG_ENABLE_OBJC_ARC = YES;
				CLANG_ENABLE_OBJC_WEAK = YES;
				CLANG_WARN_BLOCK_CAPTURE_AUTORELEASING = YES;
				CLANG_WARN_BOOL_CONVERSION = YES;
				CLANG_WARN_COMMA = YES;
				CLANG_WARN_CONSTANT_CONVERSION = YES;
				CLANG_WARN_DEPRECATED_OBJC_IMPLEMENTATIONS = YES;
				CLANG_WARN_DIRECT_OBJC_ISA_USAGE = YES_ERROR;
				CLANG_WARN_DOCUMENTATION_COMMENTS = YES;
				CLANG_WARN_EMPTY_BODY = YES;
				CLANG_WARN_ENUM_CONVERSION = YES;
				CLANG_WARN_INFINITE_RECURSION = YES;
				CLANG_WARN_INT_CONVERSION = YES;
				CLANG_WARN_NON_LITERAL_NULL_CONVERSION = YES;
				CLANG_WARN_OBJC_IMPLICIT_RETAIN_SELF = YES;
				CLANG_WARN_OBJC_LITERAL_CONVERSION = YES;
				CLANG_WARN_OBJC_ROOT_CLASS = YES_ERROR;
				CLANG_WARN_RANGE_LOOP_ANALYSIS = YES;
				CLANG_WARN_STRICT_PROTOTYPES = YES;
				CLANG_WARN_SUSPICIOUS_MOVE = YES;
				CLANG_WARN_UNGUARDED_AVAILABILITY = YES_AGGRESSIVE;
				CLANG_WARN_UNREACHABLE_CODE = YES;
				CLANG_WARN__DUPLICATE_METHOD_MATCH = YES;
				COPY_PHASE_STRIP = NO;
				DEBUG_INFORMATION_FORMAT = "dwarf-with-dsym";
				ENABLE_NS_ASSERTIONS = NO;
				ENABLE_STRICT_OBJC_MSGSEND = YES;
				GCC_C_LANGUAGE_STANDARD = gnu11;
				GCC_NO_COMMON_BLOCKS = YES;
				GCC_WARN_64_TO_32_BIT_CONVERSION = YES;
				GCC_WARN_ABOUT_RETURN_TYPE = YES_ERROR;
				GCC_WARN_UNDECLARED_SELECTOR = YES;
				GCC_WARN_UNINITIALIZED_AUTOS = YES_AGGRESSIVE;
				GCC_WARN_UNUSED_FUNCTION = YES;
				GCC_WARN_UNUSED_VARIABLE = YES;
				IPHONEOS_DEPLOYMENT_TARGET = 10.0;
				MTL_ENABLE_DEBUG_INFO = NO;
				MTL_FAST_MATH = YES;
				SDKROOT = iphoneos;
				SWIFT_COMPILATION_MODE = wholemodule;
				SWIFT_OPTIMIZATION_LEVEL = "-O";
				VALIDATE_PRODUCT = YES;
			};
			name = Release;
		};
		538C118923740B9F0033F209 /* Debug */ = {
			isa = XCBuildConfiguration;
			baseConfigurationReference = 5305895B2374292800BC54D8 /* Target Support Files/Pods-coffee-storyboard/Pods-coffee-storyboard.debug.xcconfig */;
			buildSettings = {
				ASSETCATALOG_COMPILER_APPICON_NAME = AppIcon;
				CODE_SIGN_STYLE = Automatic;
				DEVELOPMENT_TEAM = 5B2U8Z6S6K;
				INFOPLIST_FILE = "coffee-storyboard/Info.plist";
				IPHONEOS_DEPLOYMENT_TARGET = 10.0;
				LD_RUNPATH_SEARCH_PATHS = (
					"$(inherited)",
					"@executable_path/Frameworks",
				);
				OTHER_LDFLAGS = (
					"-ObjC",
					"$(inherited)",
				);
				PRODUCT_BUNDLE_IDENTIFIER = "piendop.coffee-storyboard";
				PRODUCT_NAME = "$(TARGET_NAME)";
				SWIFT_VERSION = 5.0;
				TARGETED_DEVICE_FAMILY = "1,2";
			};
			name = Debug;
		};
		538C118A23740B9F0033F209 /* Release */ = {
			isa = XCBuildConfiguration;
			baseConfigurationReference = 5305895D2374293100BC54D8 /* Target Support Files/Pods-coffee-storyboard/Pods-coffee-storyboard.release.xcconfig */;
			buildSettings = {
				ASSETCATALOG_COMPILER_APPICON_NAME = AppIcon;
				CODE_SIGN_STYLE = Automatic;
				DEVELOPMENT_TEAM = 5B2U8Z6S6K;
				INFOPLIST_FILE = "coffee-storyboard/Info.plist";
				IPHONEOS_DEPLOYMENT_TARGET = 10.0;
				LD_RUNPATH_SEARCH_PATHS = (
					"$(inherited)",
					"@executable_path/Frameworks",
				);
				OTHER_LDFLAGS = (
					"-ObjC",
					"$(inherited)",
				);
				PRODUCT_BUNDLE_IDENTIFIER = "piendop.coffee-storyboard";
				PRODUCT_NAME = "$(TARGET_NAME)";
				SWIFT_VERSION = 5.0;
				TARGETED_DEVICE_FAMILY = "1,2";
			};
			name = Release;
		};
/* End XCBuildConfiguration section */

/* Begin XCConfigurationList section */
		538C116C23740B9C0033F209 /* Build configuration list for PBXProject "coffee-storyboard" */ = {
			isa = XCConfigurationList;
			buildConfigurations = (
				538C118623740B9F0033F209 /* Debug */,
				538C118723740B9F0033F209 /* Release */,
			);
			defaultConfigurationIsVisible = 0;
			defaultConfigurationName = Release;
		};
		538C118823740B9F0033F209 /* Build configuration list for PBXNativeTarget "coffee-storyboard" */ = {
			isa = XCConfigurationList;
			buildConfigurations = (
				538C118923740B9F0033F209 /* Debug */,
				538C118A23740B9F0033F209 /* Release */,
			);
			defaultConfigurationIsVisible = 0;
			defaultConfigurationName = Release;
		};
/* End XCConfigurationList section */

/* Begin XCVersionGroup section */
		538C117D23740B9D0033F209 /* coffee_storyboard.xcdatamodeld */ = {
			isa = XCVersionGroup;
			children = (
				538C117E23740B9D0033F209 /* coffee_storyboard.xcdatamodel */,
			);
			currentVersion = 538C117E23740B9D0033F209 /* coffee_storyboard.xcdatamodel */;
			path = coffee_storyboard.xcdatamodeld;
			sourceTree = "<group>";
			versionGroupType = wrapper.xcdatamodel;
		};
/* End XCVersionGroup section */
	};
	rootObject = 538C116923740B9C0033F209 /* Project object */;
}
